
Microsoft Visual Studio Solution File, Format Version 12.00
# Visual Studio Version 17
VisualStudioVersion = 17.4.33403.182
MinimumVisualStudioVersion = 10.0.40219.1
Project("{9A19103F-16F7-4668-BE54-9A1E7A4F7556}") = "ResourceHandler", "ResourceHandler\ResourceHandler.csproj", "{58999726-6147-4DEE-A8C2-854FAD7EDFC8}"
EndProject
Project("{9A19103F-16F7-4668-BE54-9A1E7A4F7556}") = "TelegramBotConsole", "TelegramBotConsole\TelegramBotConsole.csproj", "{661561CF-BD74-4BC5-83E5-3FBD7699BF21}"
EndProject
Project("{9A19103F-16F7-4668-BE54-9A1E7A4F7556}") = "TelegramBot", "TelegramBot\TelegramBot.csproj", "{40BD7025-1004-4398-B5E6-0DCFE26AEC7A}"
EndProject
Project("{9A19103F-16F7-4668-BE54-9A1E7A4F7556}") = "MSTeams_ChatBot", "MSTeams_ChatBot\MSTeams_ChatBot.csproj", "{B4ABE070-94BA-4C51-86F9-6278423EB41B}"
EndProject
Project("{9A19103F-16F7-4668-BE54-9A1E7A4F7556}") = "TeamsChatBot", "TeamsChatBot\TeamsChatBot.csproj", "{B20D3A06-1B9F-485E-A454-28F31045BF6A}"
EndProject
Global
	GlobalSection(SolutionConfigurationPlatforms) = preSolution
		Debug|Any CPU = Debug|Any CPU
		Release|Any CPU = Release|Any CPU
	EndGlobalSection
	GlobalSection(ProjectConfigurationPlatforms) = postSolution
		{58999726-6147-4DEE-A8C2-854FAD7EDFC8}.Debug|Any CPU.ActiveCfg = Debug|Any CPU
		{58999726-6147-4DEE-A8C2-854FAD7EDFC8}.Debug|Any CPU.Build.0 = Debug|Any CPU
		{58999726-6147-4DEE-A8C2-854FAD7EDFC8}.Release|Any CPU.ActiveCfg = Release|Any CPU
		{58999726-6147-4DEE-A8C2-854FAD7EDFC8}.Release|Any CPU.Build.0 = Release|Any CPU
		{661561CF-BD74-4BC5-83E5-3FBD7699BF21}.Debug|Any CPU.ActiveCfg = Debug|Any CPU
		{661561CF-BD74-4BC5-83E5-3FBD7699BF21}.Debug|Any CPU.Build.0 = Debug|Any CPU
		{661561CF-BD74-4BC5-83E5-3FBD7699BF21}.Release|Any CPU.ActiveCfg = Release|Any CPU
		{661561CF-BD74-4BC5-83E5-3FBD7699BF21}.Release|Any CPU.Build.0 = Release|Any CPU
		{40BD7025-1004-4398-B5E6-0DCFE26AEC7A}.Debug|Any CPU.ActiveCfg = Debug|Any CPU
		{40BD7025-1004-4398-B5E6-0DCFE26AEC7A}.Debug|Any CPU.Build.0 = Debug|Any CPU
		{40BD7025-1004-4398-B5E6-0DCFE26AEC7A}.Release|Any CPU.ActiveCfg = Release|Any CPU
		{40BD7025-1004-4398-B5E6-0DCFE26AEC7A}.Release|Any CPU.Build.0 = Release|Any CPU
		{B4ABE070-94BA-4C51-86F9-6278423EB41B}.Debug|Any CPU.ActiveCfg = Debug|Any CPU
		{B4ABE070-94BA-4C51-86F9-6278423EB41B}.Debug|Any CPU.Build.0 = Debug|Any CPU
		{B4ABE070-94BA-4C51-86F9-6278423EB41B}.Release|Any CPU.ActiveCfg = Release|Any CPU
		{B4ABE070-94BA-4C51-86F9-6278423EB41B}.Release|Any CPU.Build.0 = Release|Any CPU
		{B20D3A06-1B9F-485E-A454-28F31045BF6A}.Debug|Any CPU.ActiveCfg = Debug|Any CPU
		{B20D3A06-1B9F-485E-A454-28F31045BF6A}.Debug|Any CPU.Build.0 = Debug|Any CPU
		{B20D3A06-1B9F-485E-A454-28F31045BF6A}.Debug|Any CPU.Deploy.0 = Debug|Any CPU
		{B20D3A06-1B9F-485E-A454-28F31045BF6A}.Release|Any CPU.ActiveCfg = Release|Any CPU
		{B20D3A06-1B9F-485E-A454-28F31045BF6A}.Release|Any CPU.Build.0 = Release|Any CPU
		{B20D3A06-1B9F-485E-A454-28F31045BF6A}.Release|Any CPU.Deploy.0 = Release|Any CPU
	EndGlobalSection
	GlobalSection(SolutionProperties) = preSolution
		HideSolutionNode = FALSE
	EndGlobalSection
	GlobalSection(ExtensibilityGlobals) = postSolution
		SolutionGuid = {D9E3E2B0-AD73-4A85-ABC5-1D76A7367E8D}
	EndGlobalSection
EndGlobal
