
Microsoft Visual Studio Solution File, Format Version 12.00
# Visual Studio Version 17
VisualStudioVersion = 17.4.33403.182
MinimumVisualStudioVersion = 10.0.40219.1
Project("{FAE04EC0-301F-11D3-BF4B-00C04F79EFBC}") = "TelegramBot", "TelegramBot\TelegramBot.csproj", "{66022B8B-F8B3-4533-9F37-90AA205F6165}"
EndProject
Global
	GlobalSection(SolutionConfigurationPlatforms) = preSolution
		Debug|Any CPU = Debug|Any CPU
		Release|Any CPU = Release|Any CPU
	EndGlobalSection
	GlobalSection(ProjectConfigurationPlatforms) = postSolution
		{66022B8B-F8B3-4533-9F37-90AA205F6165}.Debug|Any CPU.ActiveCfg = Debug|Any CPU
		{66022B8B-F8B3-4533-9F37-90AA205F6165}.Debug|Any CPU.Build.0 = Debug|Any CPU
		{66022B8B-F8B3-4533-9F37-90AA205F6165}.Release|Any CPU.ActiveCfg = Release|Any CPU
		{66022B8B-F8B3-4533-9F37-90AA205F6165}.Release|Any CPU.Build.0 = Release|Any CPU
	EndGlobalSection
	GlobalSection(SolutionProperties) = preSolution
		HideSolutionNode = FALSE
	EndGlobalSection
	GlobalSection(ExtensibilityGlobals) = postSolution
		SolutionGuid = {D9E3E2B0-AD73-4A85-ABC5-1D76A7367E8D}
	EndGlobalSection
EndGlobal
