
Microsoft Visual Studio Solution File, Format Version 12.00
# Visual Studio Version 17
VisualStudioVersion = 17.4.33403.182
MinimumVisualStudioVersion = 10.0.40219.1
Project("{9A19103F-16F7-4668-BE54-9A1E7A4F7556}") = "ResourceHandler", "ResourceHandler\ResourceHandler.csproj", "{58999726-6147-4DEE-A8C2-854FAD7EDFC8}"
EndProject
Project("{9A19103F-16F7-4668-BE54-9A1E7A4F7556}") = "TelegramBotConsole", "TelegramBotConsole\TelegramBotConsole.csproj", "{661561CF-BD74-4BC5-83E5-3FBD7699BF21}"
EndProject
Project("{9A19103F-16F7-4668-BE54-9A1E7A4F7556}") = "TelegramBot", "TelegramBot\TelegramBot.csproj", "{40BD7025-1004-4398-B5E6-0DCFE26AEC7A}"
EndProject
EndProject
Global
	GlobalSection(SolutionConfigurationPlatforms) = preSolution
		Debug|Any CPU = Debug|Any CPU
		Release|Any CPU = Release|Any CPU
	EndGlobalSection
	GlobalSection(ProjectConfigurationPlatforms) = postSolution
		{58999726-6147-4DEE-A8C2-854FAD7EDFC8}.Debug|Any CPU.ActiveCfg = Debug|Any CPU
		{58999726-6147-4DEE-A8C2-854FAD7EDFC8}.Debug|Any CPU.Build.0 = Debug|Any CPU
		{58999726-6147-4DEE-A8C2-854FAD7EDFC8}.Release|Any CPU.ActiveCfg = Release|Any CPU
		{58999726-6147-4DEE-A8C2-854FAD7EDFC8}.Release|Any CPU.Build.0 = Release|Any CPU
		{661561CF-BD74-4BC5-83E5-3FBD7699BF21}.Debug|Any CPU.ActiveCfg = Debug|Any CPU
		{661561CF-BD74-4BC5-83E5-3FBD7699BF21}.Debug|Any CPU.Build.0 = Debug|Any CPU
		{661561CF-BD74-4BC5-83E5-3FBD7699BF21}.Release|Any CPU.ActiveCfg = Release|Any CPU
		{661561CF-BD74-4BC5-83E5-3FBD7699BF21}.Release|Any CPU.Build.0 = Release|Any CPU
		{40BD7025-1004-4398-B5E6-0DCFE26AEC7A}.Debug|Any CPU.ActiveCfg = Debug|Any CPU
		{40BD7025-1004-4398-B5E6-0DCFE26AEC7A}.Debug|Any CPU.Build.0 = Debug|Any CPU
		{40BD7025-1004-4398-B5E6-0DCFE26AEC7A}.Release|Any CPU.ActiveCfg = Release|Any CPU
		{40BD7025-1004-4398-B5E6-0DCFE26AEC7A}.Release|Any CPU.Build.0 = Release|Any CPU

	EndGlobalSection
	GlobalSection(SolutionProperties) = preSolution
		HideSolutionNode = FALSE
	EndGlobalSection
	GlobalSection(NestedProjects) = preSolution
		{E13B04FC-31F2-4896-8FF2-FE6CA31CD6EC} = {56CD5F6B-F8C9-4CCE-8A0F-0FCEC959A1A9}
		{AEAE5F1E-3B16-4740-A21C-D89333EE9C97} = {7E365A92-0FE8-457C-9668-343B36B2D927}
	EndGlobalSection
	GlobalSection(ExtensibilityGlobals) = postSolution
		SolutionGuid = {D9E3E2B0-AD73-4A85-ABC5-1D76A7367E8D}
	EndGlobalSection
EndGlobal
